
Microsoft Visual Studio Solution File, Format Version 12.00
# Visual Studio Version 17
VisualStudioVersion = 17.8.34511.84
MinimumVisualStudioVersion = 10.0.40219.1
Project("{FAE04EC0-301F-11D3-BF4B-00C04F79EFBC}") = "FileUpload", "FileUpload\FileUpload.csproj", "{62F0F246-04CB-481A-8787-4B05FCE306AE}"
EndProject
Global
	GlobalSection(SolutionConfigurationPlatforms) = preSolution
		Debug|Any CPU = Debug|Any CPU
		Release|Any CPU = Release|Any CPU
	EndGlobalSection
	GlobalSection(ProjectConfigurationPlatforms) = postSolution
		{62F0F246-04CB-481A-8787-4B05FCE306AE}.Debug|Any CPU.ActiveCfg = Debug|Any CPU
		{62F0F246-04CB-481A-8787-4B05FCE306AE}.Debug|Any CPU.Build.0 = Debug|Any CPU
		{62F0F246-04CB-481A-8787-4B05FCE306AE}.Release|Any CPU.ActiveCfg = Release|Any CPU
		{62F0F246-04CB-481A-8787-4B05FCE306AE}.Release|Any CPU.Build.0 = Release|Any CPU
	EndGlobalSection
	GlobalSection(SolutionProperties) = preSolution
		HideSolutionNode = FALSE
	EndGlobalSection
	GlobalSection(ExtensibilityGlobals) = postSolution
		SolutionGuid = {294ED736-ABAD-4F96-9744-C40FE6F180F8}
	EndGlobalSection
EndGlobal
